
Microsoft Visual Studio Solution File, Format Version 12.00
# Visual Studio 2012
Project("{FAE04EC0-301F-11D3-BF4B-00C04F79EFBC}") = "SchoolPRO", "SchoolPRO\SchoolPRO.csproj", "{B0718F6C-788A-4F8A-BEC3-2687800F2F2E}"
EndProject
Project("{FAE04EC0-301F-11D3-BF4B-00C04F79EFBC}") = "BarcodeLib", "BarcodeLib\BarcodeLib.csproj", "{3AD72A50-2776-48DB-8437-D99BAC9DDFB6}"
EndProject
Global
	GlobalSection(SolutionConfigurationPlatforms) = preSolution
		Debug|Any CPU = Debug|Any CPU
		Release|Any CPU = Release|Any CPU
	EndGlobalSection
	GlobalSection(ProjectConfigurationPlatforms) = postSolution
		{B0718F6C-788A-4F8A-BEC3-2687800F2F2E}.Debug|Any CPU.ActiveCfg = Debug|Any CPU
		{B0718F6C-788A-4F8A-BEC3-2687800F2F2E}.Debug|Any CPU.Build.0 = Debug|Any CPU
		{B0718F6C-788A-4F8A-BEC3-2687800F2F2E}.Release|Any CPU.ActiveCfg = Release|Any CPU
		{B0718F6C-788A-4F8A-BEC3-2687800F2F2E}.Release|Any CPU.Build.0 = Release|Any CPU
		{3AD72A50-2776-48DB-8437-D99BAC9DDFB6}.Debug|Any CPU.ActiveCfg = Debug|Any CPU
		{3AD72A50-2776-48DB-8437-D99BAC9DDFB6}.Debug|Any CPU.Build.0 = Debug|Any CPU
		{3AD72A50-2776-48DB-8437-D99BAC9DDFB6}.Release|Any CPU.ActiveCfg = Release|Any CPU
		{3AD72A50-2776-48DB-8437-D99BAC9DDFB6}.Release|Any CPU.Build.0 = Release|Any CPU
	EndGlobalSection
	GlobalSection(SolutionProperties) = preSolution
		HideSolutionNode = FALSE
	EndGlobalSection
EndGlobal
